
Microsoft Visual Studio Solution File, Format Version 12.00
# Visual Studio Version 16
VisualStudioVersion = 16.0.29519.181
MinimumVisualStudioVersion = 10.0.40219.1
Project("{9A19103F-16F7-4668-BE54-9A1E7A4F7556}") = "Netspark.CleanArchitecture.Scaffold", "Netspark.CleanArchitecture.Scaffold\Netspark.CleanArchitecture.Scaffold.csproj", "{24FF6FA1-B923-4CB6-8C8B-9100E03B734F}"
EndProject
Project("{9A19103F-16F7-4668-BE54-9A1E7A4F7556}") = "Netspark.CleanArchitecture.UnitTests", "Netspark.CleanArchitecture.UnitTests\Netspark.CleanArchitecture.UnitTests.csproj", "{7BBCE636-50E0-49CC-9680-4FC6F670C0F6}"
EndProject
Project("{2150E333-8FDC-42A3-9474-1A3956D46DE8}") = "Solution Items", "Solution Items", "{7BFC620E-E0A4-4B57-946B-810096B5A8F8}"
	ProjectSection(SolutionItems) = preProject
		README.md = README.md
	EndProjectSection
EndProject
Project("{FAE04EC0-301F-11D3-BF4B-00C04F79EFBC}") = "Netspark.Tools.DeepReplace", "Netspark.Tools.DeepReplace\Netspark.Tools.DeepReplace.csproj", "{9E03B597-BA02-4B68-AC07-46EDAB7D1084}"
EndProject
Global
	GlobalSection(SolutionConfigurationPlatforms) = preSolution
		Debug|Any CPU = Debug|Any CPU
		Release|Any CPU = Release|Any CPU
	EndGlobalSection
	GlobalSection(ProjectConfigurationPlatforms) = postSolution
		{24FF6FA1-B923-4CB6-8C8B-9100E03B734F}.Debug|Any CPU.ActiveCfg = Debug|Any CPU
		{24FF6FA1-B923-4CB6-8C8B-9100E03B734F}.Debug|Any CPU.Build.0 = Debug|Any CPU
		{24FF6FA1-B923-4CB6-8C8B-9100E03B734F}.Release|Any CPU.ActiveCfg = Release|Any CPU
		{24FF6FA1-B923-4CB6-8C8B-9100E03B734F}.Release|Any CPU.Build.0 = Release|Any CPU
		{7BBCE636-50E0-49CC-9680-4FC6F670C0F6}.Debug|Any CPU.ActiveCfg = Debug|Any CPU
		{7BBCE636-50E0-49CC-9680-4FC6F670C0F6}.Debug|Any CPU.Build.0 = Debug|Any CPU
		{7BBCE636-50E0-49CC-9680-4FC6F670C0F6}.Release|Any CPU.ActiveCfg = Release|Any CPU
		{7BBCE636-50E0-49CC-9680-4FC6F670C0F6}.Release|Any CPU.Build.0 = Release|Any CPU
		{9E03B597-BA02-4B68-AC07-46EDAB7D1084}.Debug|Any CPU.ActiveCfg = Debug|Any CPU
		{9E03B597-BA02-4B68-AC07-46EDAB7D1084}.Debug|Any CPU.Build.0 = Debug|Any CPU
		{9E03B597-BA02-4B68-AC07-46EDAB7D1084}.Release|Any CPU.ActiveCfg = Release|Any CPU
		{9E03B597-BA02-4B68-AC07-46EDAB7D1084}.Release|Any CPU.Build.0 = Release|Any CPU
	EndGlobalSection
	GlobalSection(SolutionProperties) = preSolution
		HideSolutionNode = FALSE
	EndGlobalSection
	GlobalSection(ExtensibilityGlobals) = postSolution
		SolutionGuid = {6EC729C7-DE61-4F71-B91F-AE56441DD26E}
	EndGlobalSection
EndGlobal
